
Microsoft Visual Studio Solution File, Format Version 12.00
# Visual Studio 15
VisualStudioVersion = 15.0.27130.2026
MinimumVisualStudioVersion = 10.0.40219.1
Project("{FAE04EC0-301F-11D3-BF4B-00C04F79EFBC}") = "SDB", "SDB\SDB.csproj", "{F7BB4F9F-8233-487E-ACF2-24BDFC9FAA78}"
EndProject
Project("{FAE04EC0-301F-11D3-BF4B-00C04F79EFBC}") = "SBD.Test", "SBD.Test\SBD.Test.csproj", "{A9799B33-BA19-4EF4-82F3-629C9CE94633}"
EndProject
Global
	GlobalSection(SolutionConfigurationPlatforms) = preSolution
		Debug|Any CPU = Debug|Any CPU
		Release|Any CPU = Release|Any CPU
	EndGlobalSection
	GlobalSection(ProjectConfigurationPlatforms) = postSolution
		{F7BB4F9F-8233-487E-ACF2-24BDFC9FAA78}.Debug|Any CPU.ActiveCfg = Debug|Any CPU
		{F7BB4F9F-8233-487E-ACF2-24BDFC9FAA78}.Debug|Any CPU.Build.0 = Debug|Any CPU
		{F7BB4F9F-8233-487E-ACF2-24BDFC9FAA78}.Release|Any CPU.ActiveCfg = Release|Any CPU
		{F7BB4F9F-8233-487E-ACF2-24BDFC9FAA78}.Release|Any CPU.Build.0 = Release|Any CPU
		{A9799B33-BA19-4EF4-82F3-629C9CE94633}.Debug|Any CPU.ActiveCfg = Debug|Any CPU
		{A9799B33-BA19-4EF4-82F3-629C9CE94633}.Debug|Any CPU.Build.0 = Debug|Any CPU
		{A9799B33-BA19-4EF4-82F3-629C9CE94633}.Release|Any CPU.ActiveCfg = Release|Any CPU
		{A9799B33-BA19-4EF4-82F3-629C9CE94633}.Release|Any CPU.Build.0 = Release|Any CPU
	EndGlobalSection
	GlobalSection(SolutionProperties) = preSolution
		HideSolutionNode = FALSE
	EndGlobalSection
	GlobalSection(ExtensibilityGlobals) = postSolution
		SolutionGuid = {7A6F794A-65C7-421B-904A-48027F0AE7D1}
	EndGlobalSection
EndGlobal
